
Microsoft Visual Studio Solution File, Format Version 12.00
# Visual Studio 15
VisualStudioVersion = 15.0.27703.2035
MinimumVisualStudioVersion = 10.0.40219.1
Project("{9A19103F-16F7-4668-BE54-9A1E7A4F7556}") = "EfMocking.Tests", "EfMocking.Tests\EfMocking.Tests.csproj", "{F9E57EB5-C371-4AF2-B390-6DA3CCEF980A}"
EndProject
Project("{2150E333-8FDC-42A3-9474-1A3956D46DE8}") = "Solution Items", "Solution Items", "{C096BFC6-1FFB-44F2-A432-802EED26380F}"
	ProjectSection(SolutionItems) = preProject
		README.md = README.md
	EndProjectSection
EndProject
Project("{9A19103F-16F7-4668-BE54-9A1E7A4F7556}") = "EfMocking.Data", "EfMocking.Data\EfMocking.Data.csproj", "{D0DC6E90-D09F-46FA-8F42-0212E9C02E60}"
EndProject
Project("{FAE04EC0-301F-11D3-BF4B-00C04F79EFBC}") = "EfMocking.BusinessLogic", "EfMocking.BusinessLogic\EfMocking.BusinessLogic.csproj", "{3EF6282F-4AE0-4D2A-AB9F-35DB02C16290}"
EndProject
Global
	GlobalSection(SolutionConfigurationPlatforms) = preSolution
		Debug|Any CPU = Debug|Any CPU
		Release|Any CPU = Release|Any CPU
	EndGlobalSection
	GlobalSection(ProjectConfigurationPlatforms) = postSolution
		{F9E57EB5-C371-4AF2-B390-6DA3CCEF980A}.Debug|Any CPU.ActiveCfg = Debug|Any CPU
		{F9E57EB5-C371-4AF2-B390-6DA3CCEF980A}.Debug|Any CPU.Build.0 = Debug|Any CPU
		{F9E57EB5-C371-4AF2-B390-6DA3CCEF980A}.Release|Any CPU.ActiveCfg = Release|Any CPU
		{F9E57EB5-C371-4AF2-B390-6DA3CCEF980A}.Release|Any CPU.Build.0 = Release|Any CPU
		{D0DC6E90-D09F-46FA-8F42-0212E9C02E60}.Debug|Any CPU.ActiveCfg = Debug|Any CPU
		{D0DC6E90-D09F-46FA-8F42-0212E9C02E60}.Debug|Any CPU.Build.0 = Debug|Any CPU
		{D0DC6E90-D09F-46FA-8F42-0212E9C02E60}.Release|Any CPU.ActiveCfg = Release|Any CPU
		{D0DC6E90-D09F-46FA-8F42-0212E9C02E60}.Release|Any CPU.Build.0 = Release|Any CPU
		{3EF6282F-4AE0-4D2A-AB9F-35DB02C16290}.Debug|Any CPU.ActiveCfg = Debug|Any CPU
		{3EF6282F-4AE0-4D2A-AB9F-35DB02C16290}.Debug|Any CPU.Build.0 = Debug|Any CPU
		{3EF6282F-4AE0-4D2A-AB9F-35DB02C16290}.Release|Any CPU.ActiveCfg = Release|Any CPU
		{3EF6282F-4AE0-4D2A-AB9F-35DB02C16290}.Release|Any CPU.Build.0 = Release|Any CPU
	EndGlobalSection
	GlobalSection(SolutionProperties) = preSolution
		HideSolutionNode = FALSE
	EndGlobalSection
	GlobalSection(ExtensibilityGlobals) = postSolution
		SolutionGuid = {73F76901-554F-4629-A647-D8E76823D0A4}
	EndGlobalSection
EndGlobal
